<?xml version="1.0" encoding="utf-8"?>
<Project ToolsVersion="4.0" xmlns="http://schemas.microsoft.com/developer/msbuild/2003">
  <ItemGroup>
    <Filter Include="Source Files">
      <UniqueIdentifier>{4FC737F1-C7A5-4376-A066-2A32D752A2FF}</UniqueIdentifier>
      <Extensions>cpp;c;cc;cxx;c++;cppm;ixx;def;odl;idl;hpj;bat;asm;asmx</Extensions>
    </Filter>
    <Filter Include="Header Files">
      <UniqueIdentifier>{93995380-89BD-4b04-88EB-625FBE52EBFB}</UniqueIdentifier>
      <Extensions>h;hh;hpp;hxx;h++;hm;inl;inc;ipp;xsd</Extensions>
    </Filter>
    <Filter Include="Resource Files">
      <UniqueIdentifier>{67DA6AB6-F800-4c08-8B7A-83BB121AAD01}</UniqueIdentifier>
      <Extensions>rc;ico;cur;bmp;dlg;rc2;rct;bin;rgs;gif;jpg;jpeg;jpe;resx;tiff;tif;png;wav;mfcribbon-ms</Extensions>
    </Filter>
    <Filter Include="Sections">
      <UniqueIdentifier>{756c4f0b-beda-4598-820e-4f9640934f48}</UniqueIdentifier>
    </Filter>
    <Filter Include="Sections\src">
      <UniqueIdentifier>{bc115224-ade3-4ce3-a96b-0eb086b0dc4c}</UniqueIdentifier>
    </Filter>
    <Filter Include="Sections\include">
      <UniqueIdentifier>{8f74a282-6feb-4410-8eb0-10cb55e2c605}</UniqueIdentifier>
    </Filter>
    <Filter Include="Sections\include\Sections">
      <UniqueIdentifier>{e4bd89ad-b704-4b44-9db7-9902a4ce9ab3}</UniqueIdentifier>
    </Filter>
    <Filter Include="Sections\include\Sections\Section_12">
      <UniqueIdentifier>{0eaed14f-d478-47be-aab7-c8657296e853}</UniqueIdentifier>
    </Filter>
    <Filter Include="Sections\include\Sections\Section_13">
      <UniqueIdentifier>{52f9182c-0673-49f2-a7cf-1fa5a21781fc}</UniqueIdentifier>
    </Filter>
    <Filter Include="Sections\src\Sections">
      <UniqueIdentifier>{fc1c5562-c435-4706-9296-eb473278522e}</UniqueIdentifier>
    </Filter>
    <Filter Include="Sections\src\Sections\Section_12">
      <UniqueIdentifier>{323d5f1b-41e5-48e7-bf67-c5aec2b5e251}</UniqueIdentifier>
    </Filter>
    <Filter Include="Sections\src\Sections\Section_13">
      <UniqueIdentifier>{bf7561b0-6856-4c63-ae6e-09b3bdf42ebc}</UniqueIdentifier>
    </Filter>
    <Filter Include="Sections\include\Sections\Section_13\Account">
      <UniqueIdentifier>{ed643026-f8fd-458a-af28-39da558e7f9c}</UniqueIdentifier>
    </Filter>
    <Filter Include="Sections\include\Sections\Section_13\Player">
      <UniqueIdentifier>{faeb3061-1a88-4c59-9af5-205aee059bef}</UniqueIdentifier>
    </Filter>
    <Filter Include="Sections\include\Sections\Section_13\Shallow">
      <UniqueIdentifier>{7cbf810e-137d-49e9-aace-0fe9494e284a}</UniqueIdentifier>
    </Filter>
    <Filter Include="Sections\include\Sections\Section_13\Deep">
      <UniqueIdentifier>{3457f7cf-53e9-4525-a8ef-41faedee3291}</UniqueIdentifier>
    </Filter>
    <Filter Include="Sections\include\Sections\Section_13\Move">
      <UniqueIdentifier>{7e2a2659-e855-4b17-a36c-ca52d61193c6}</UniqueIdentifier>
    </Filter>
    <Filter Include="Sections\include\Sections\Section_13\Challenge">
      <UniqueIdentifier>{17ede9b7-4a57-4cda-b059-800318c119ed}</UniqueIdentifier>
    </Filter>
    <Filter Include="Sections\include\Sections\Section_13\Challenge\Movies">
      <UniqueIdentifier>{20d51a53-de16-4be6-b73a-3ef08e5a31c4}</UniqueIdentifier>
    </Filter>
    <Filter Include="Sections\include\Sections\Section_13\Challenge\Movie">
      <UniqueIdentifier>{06a36630-4be0-43e5-87e7-f2e48c5266bc}</UniqueIdentifier>
    </Filter>
    <Filter Include="Sections\src\Sections\Section_14">
      <UniqueIdentifier>{8fb22aa3-5f71-49a5-b06b-ebe3265970da}</UniqueIdentifier>
    </Filter>
    <Filter Include="Sections\include\Sections\Section_14">
      <UniqueIdentifier>{8b13ce52-3769-4b2d-9a3b-26084dc6e43b}</UniqueIdentifier>
    </Filter>
    <Filter Include="Sections\src\Sections\Section_14\MyString">
      <UniqueIdentifier>{44042180-b43d-4d3d-9d37-6d7d661d932f}</UniqueIdentifier>
    </Filter>
    <Filter Include="Sections\include\Sections\Section_15">
      <UniqueIdentifier>{f2dee8f5-76cc-402c-b844-342c412ed022}</UniqueIdentifier>
    </Filter>
    <Filter Include="Sections\src\Sections\Section_15">
      <UniqueIdentifier>{4000afef-93a6-4426-bdf7-d94f7928052f}</UniqueIdentifier>
    </Filter>
    <Filter Include="Sections\include\Sections\Section_15\Statement">
      <UniqueIdentifier>{0bc19ae9-f036-405d-8d73-0f6b55e0fca1}</UniqueIdentifier>
    </Filter>
    <Filter Include="Sections\include\Sections\Section_15\Savings_Statement">
      <UniqueIdentifier>{bb17644c-4209-44dd-84a4-4caf148b645f}</UniqueIdentifier>
    </Filter>
    <Filter Include="Sections\src\Sections\Section_15\Statement">
      <UniqueIdentifier>{1d1bd23d-b30f-4fb4-a81f-123421f66e1c}</UniqueIdentifier>
    </Filter>
    <Filter Include="Sections\src\Sections\Section_15\Savings_Statement">
      <UniqueIdentifier>{1ecd104c-bb36-42e1-a400-49d3caa2fd13}</UniqueIdentifier>
    </Filter>
    <Filter Include="Sections\include\Sections\Section_15\Base">
      <UniqueIdentifier>{8584befc-a227-4224-949e-d5b926c1414a}</UniqueIdentifier>
    </Filter>
    <Filter Include="Sections\include\Sections\Section_15\Derived">
      <UniqueIdentifier>{89325797-6f24-412f-9f4b-87ed235306eb}</UniqueIdentifier>
    </Filter>
    <Filter Include="Sections\src\Sections\Section_15\Base">
      <UniqueIdentifier>{f37227f6-d015-4038-a7ac-68d2c3acad84}</UniqueIdentifier>
    </Filter>
    <Filter Include="Sections\src\Sections\Section_15\Derived">
      <UniqueIdentifier>{81d449c5-f2b2-4c47-ae69-622dac05b3ca}</UniqueIdentifier>
    </Filter>
    <Filter Include="Sections\include\Sections\Section_15\Challenge">
      <UniqueIdentifier>{d7a5da78-80e4-423f-9b92-74ca634fd9e5}</UniqueIdentifier>
    </Filter>
    <Filter Include="Sections\include\Sections\Section_15\Challenge\Acc">
      <UniqueIdentifier>{146b7dd6-3906-4a82-a3d5-41f64b34ae57}</UniqueIdentifier>
    </Filter>
    <Filter Include="Sections\include\Sections\Section_15\Challenge\Savings_Acc">
      <UniqueIdentifier>{7e76362d-ddaf-48db-bb9f-306f801e85d1}</UniqueIdentifier>
    </Filter>
    <Filter Include="Sections\include\Sections\Section_15\Challenge\Checking_Acc">
      <UniqueIdentifier>{07143ffc-c12f-47ec-8a01-9ed5f9343df6}</UniqueIdentifier>
    </Filter>
    <Filter Include="Sections\src\Sections\Section_15\Challenge">
      <UniqueIdentifier>{75bd3352-f7db-4174-9623-5b4c69b13e8b}</UniqueIdentifier>
    </Filter>
    <Filter Include="Sections\src\Sections\Section_15\Challenge\Acc">
      <UniqueIdentifier>{673cd0b1-124e-4588-a931-2c39429ecc50}</UniqueIdentifier>
    </Filter>
    <Filter Include="Sections\src\Sections\Section_15\Challenge\Checkint_Acc">
      <UniqueIdentifier>{6df77b2f-3b9f-4dcc-8b6e-4bd57ef2ba21}</UniqueIdentifier>
    </Filter>
    <Filter Include="Sections\src\Sections\Section_15\Challenge\Trust_Acc">
      <UniqueIdentifier>{493025f1-c0d5-4b2f-b675-2f4ac0a62d0e}</UniqueIdentifier>
    </Filter>
    <Filter Include="Sections\src\Sections\Section_15\Challenge\Savings_Acc">
      <UniqueIdentifier>{b50e0b9e-66cb-453b-958b-a276e1f06487}</UniqueIdentifier>
    </Filter>
    <Filter Include="Sections\include\Sections\Section_15\Challenge\Trust_Acc">
      <UniqueIdentifier>{71851feb-bef9-4067-b2e2-266dbdc3fb87}</UniqueIdentifier>
    </Filter>
    <Filter Include="Sections\include\Sections\Section_10">
      <UniqueIdentifier>{4908a48f-1510-486b-ae83-315ff2b741b9}</UniqueIdentifier>
    </Filter>
    <Filter Include="Sections\src\Sections\Section_11">
      <UniqueIdentifier>{0f656f23-1ef1-44e8-a361-dde016237b32}</UniqueIdentifier>
    </Filter>
    <Filter Include="Sections\include\Sections\Section_11">
      <UniqueIdentifier>{085ccea2-9761-4ee5-858e-e55f4cd026fe}</UniqueIdentifier>
    </Filter>
    <Filter Include="Sections\include\Sections\Section_6">
      <UniqueIdentifier>{65581fd3-cfa9-41fd-936c-8b15d74bb898}</UniqueIdentifier>
    </Filter>
    <Filter Include="Sections\include\Sections\Section_7">
      <UniqueIdentifier>{efae98d5-347e-4c28-a13b-7a0850ba6858}</UniqueIdentifier>
    </Filter>
    <Filter Include="Sections\include\Sections\Section_8">
      <UniqueIdentifier>{efb87428-ae47-48dc-8879-2ff8c71af9cb}</UniqueIdentifier>
    </Filter>
    <Filter Include="Sections\include\Sections\Section_9">
      <UniqueIdentifier>{e6505448-de99-41d1-a81c-04b7c80c49d7}</UniqueIdentifier>
    </Filter>
    <Filter Include="Sections\src\Sections\Section_10">
      <UniqueIdentifier>{0910b4cf-ddbe-4031-baf8-c7eac88e5b4d}</UniqueIdentifier>
    </Filter>
    <Filter Include="Sections\src\Sections\Section_9">
      <UniqueIdentifier>{b8ba78f8-96e0-43ae-bca5-210d4eeff35c}</UniqueIdentifier>
    </Filter>
    <Filter Include="Sections\src\Sections\Section_8">
      <UniqueIdentifier>{d047b387-82c7-4285-86f3-e1383d1a0efd}</UniqueIdentifier>
    </Filter>
    <Filter Include="Sections\src\Sections\Section_7">
      <UniqueIdentifier>{0e64669c-3eb7-4576-98dc-21667ca845f4}</UniqueIdentifier>
    </Filter>
    <Filter Include="Sections\src\Sections\Section_6">
      <UniqueIdentifier>{b138297d-38a1-4ada-9b6b-e9481ad9b01e}</UniqueIdentifier>
    </Filter>
    <Filter Include="Sections\include\Sections\Section_16">
      <UniqueIdentifier>{ce5a1b5b-5386-40f8-a59d-f63b0479fc7c}</UniqueIdentifier>
    </Filter>
    <Filter Include="Sections\src\Sections\Section_16">
      <UniqueIdentifier>{d36d6abe-b106-487f-bce6-d5012a6c0f0c}</UniqueIdentifier>
    </Filter>
    <Filter Include="Sections\include\Sections\Section_16\Challenge">
      <UniqueIdentifier>{ee7a0123-2b03-43cc-9f9b-973ca80570a8}</UniqueIdentifier>
    </Filter>
    <Filter Include="Sections\src\Sections\Section_16\Challenge">
      <UniqueIdentifier>{b37b06ad-13ea-4751-9e48-79216289e76d}</UniqueIdentifier>
    </Filter>
    <Filter Include="Sections\include\Sections\Section_16\Challenge\Acc_challenge_16">
      <UniqueIdentifier>{8e72afc9-ef3f-4cea-aa21-cf5e4b8200f8}</UniqueIdentifier>
    </Filter>
    <Filter Include="Sections\include\Sections\Section_16\Challenge\Checking_challenge_16">
      <UniqueIdentifier>{9c8c6512-31b0-4460-ab9f-ad4d3f65e23d}</UniqueIdentifier>
    </Filter>
    <Filter Include="Sections\include\Sections\Section_16\Challenge\Savings__challenge_16">
      <UniqueIdentifier>{04b6e404-cd36-4e8e-abbc-0f36d301f4eb}</UniqueIdentifier>
    </Filter>
    <Filter Include="Sections\include\Sections\Section_16\Challenge\Trust__challenge_16">
      <UniqueIdentifier>{07d9c7bb-8311-4d5a-870b-fe8adcb766d4}</UniqueIdentifier>
    </Filter>
    <Filter Include="Sections\src\Sections\Section_16\Challenge\Acc_challenge_16">
      <UniqueIdentifier>{85a226ba-779e-4e76-b4cd-814733c2a39b}</UniqueIdentifier>
    </Filter>
    <Filter Include="Sections\src\Sections\Section_16\Challenge\Checking_challenge_16">
      <UniqueIdentifier>{4da55b42-41bf-4be1-8562-03dbd81ec102}</UniqueIdentifier>
    </Filter>
    <Filter Include="Sections\src\Sections\Section_16\Challenge\Trust_challenge_16">
      <UniqueIdentifier>{53a806de-5bad-485d-9d3b-b3f9e8d48f75}</UniqueIdentifier>
    </Filter>
    <Filter Include="Sections\src\Sections\Section_16\Challenge\Savings_challenge_16">
      <UniqueIdentifier>{0751dd08-8403-4132-aef5-67fa02eeb298}</UniqueIdentifier>
    </Filter>
    <Filter Include="Sections\include\Sections\Section_16\Challenge\Printable_challenge_16">
      <UniqueIdentifier>{4c55bf6d-267e-498e-8a68-5c15f4b35951}</UniqueIdentifier>
    </Filter>
    <Filter Include="Sections\include\Sections\Section_17">
      <UniqueIdentifier>{055a9453-317b-4f03-8be3-2a537fe3b512}</UniqueIdentifier>
    </Filter>
    <Filter Include="Sections\src\Sections\Section_17">
      <UniqueIdentifier>{72fdc55f-e2e5-4241-a5a3-945cfbaf6c0e}</UniqueIdentifier>
    </Filter>
    <Filter Include="Sections\include\Sections\Section_18">
      <UniqueIdentifier>{736e739a-726f-4803-8e29-974e5d112f0c}</UniqueIdentifier>
    </Filter>
    <Filter Include="Sections\src\Sections\Section_18">
      <UniqueIdentifier>{61a15e30-f177-49f7-b15a-0a49fac07d5d}</UniqueIdentifier>
    </Filter>
    <Filter Include="Sections\include\Sections\Section_19">
      <UniqueIdentifier>{f7389e97-209e-4b2a-8d9c-9767825a51f9}</UniqueIdentifier>
    </Filter>
    <Filter Include="Sections\src\Sections\Section_19">
      <UniqueIdentifier>{d9590a18-cae4-42f6-b779-9a7d9da7ea77}</UniqueIdentifier>
    </Filter>
    <Filter Include="Sections\src\Sections\Section_19\TextFiles">
      <UniqueIdentifier>{98ad3d18-ba08-4de3-9157-198a19cebd0e}</UniqueIdentifier>
    </Filter>
  </ItemGroup>
  <ItemGroup>
    <ClCompile Include="Course.cpp">
      <Filter>Source Files</Filter>
    </ClCompile>
    <ClCompile Include="Sections\src\Sections\Section_12\section_12.cpp">
      <Filter>Sections\src\Sections\Section_12</Filter>
    </ClCompile>
    <ClCompile Include="Sections\src\Sections\Section_13\section_13.cpp">
      <Filter>Sections\src\Sections\Section_13</Filter>
    </ClCompile>
    <ClCompile Include="Sections\src\Sections\Section_13\Account\Account.cpp">
      <Filter>Sections\include\Sections\Section_13\Account</Filter>
    </ClCompile>
    <ClCompile Include="Sections\src\Sections\Section_13\Player\Player.cpp">
      <Filter>Sections\include\Sections\Section_13\Player</Filter>
    </ClCompile>
    <ClCompile Include="Sections\src\Sections\Section_13\Shallow\Shallow.cpp">
      <Filter>Sections\include\Sections\Section_13\Shallow</Filter>
    </ClCompile>
    <ClCompile Include="Sections\src\Sections\Section_13\Deep\Deep.cpp">
      <Filter>Sections\include\Sections\Section_13\Deep</Filter>
    </ClCompile>
    <ClCompile Include="Sections\src\Sections\Section_13\Move\Move.cpp">
      <Filter>Sections\include\Sections\Section_13\Move</Filter>
    </ClCompile>
    <ClCompile Include="Sections\src\Sections\Section_13\Challenge\Movie\Movie.cpp">
      <Filter>Sections\include\Sections\Section_13\Challenge\Movie</Filter>
    </ClCompile>
    <ClCompile Include="Sections\src\Sections\Section_13\Challenge\Movies\Movies.cpp">
      <Filter>Sections\include\Sections\Section_13\Challenge\Movies</Filter>
    </ClCompile>
    <ClCompile Include="Sections\src\Sections\Section_13\Challenge\section_13_challenge.cpp">
      <Filter>Sections\include\Sections\Section_13\Challenge</Filter>
    </ClCompile>
    <ClCompile Include="Sections\src\Sections\Section_14\section_14.cpp">
      <Filter>Sections\src\Sections\Section_14</Filter>
    </ClCompile>
    <ClCompile Include="Sections\src\Sections\Section_14\MyString\MyString.cpp">
      <Filter>Sections\src\Sections\Section_14\MyString</Filter>
    </ClCompile>
    <ClCompile Include="Sections\src\Sections\Section_15\section_15.cpp">
      <Filter>Sections\src\Sections\Section_15</Filter>
    </ClCompile>
    <ClCompile Include="Sections\src\Sections\Section_15\Statement\Statement.cpp">
      <Filter>Sections\src\Sections\Section_15\Statement</Filter>
    </ClCompile>
    <ClCompile Include="Sections\src\Sections\Section_15\Savings_Statement\Savings_Statement.cpp">
      <Filter>Sections\src\Sections\Section_15\Savings_Statement</Filter>
    </ClCompile>
    <ClCompile Include="Sections\src\Sections\Section_15\Base\Base.cpp">
      <Filter>Sections\src\Sections\Section_15\Base</Filter>
    </ClCompile>
    <ClCompile Include="Sections\src\Sections\Section_15\Derived\Derived.cpp">
      <Filter>Sections\src\Sections\Section_15\Derived</Filter>
    </ClCompile>
    <ClCompile Include="Sections\src\Sections\Section_15\Challenge\Acc\Acc.cpp">
      <Filter>Sections\src\Sections\Section_15\Challenge\Acc</Filter>
    </ClCompile>
    <ClCompile Include="Sections\src\Sections\Section_15\Challenge\Checking_Acc\Checking_acc.cpp">
      <Filter>Sections\src\Sections\Section_15\Challenge\Checkint_Acc</Filter>
    </ClCompile>
    <ClCompile Include="Sections\src\Sections\Section_15\Challenge\Savings_Acc\Savings_Acc.cpp">
      <Filter>Sections\src\Sections\Section_15\Challenge\Savings_Acc</Filter>
    </ClCompile>
    <ClCompile Include="Sections\src\Sections\Section_15\Challenge\Trust_Acc\Trust_Acc.cpp">
      <Filter>Sections\src\Sections\Section_15\Challenge\Trust_Acc</Filter>
    </ClCompile>
    <ClCompile Include="Sections\src\Sections\Section_6\section_6.cpp">
      <Filter>Sections\src\Sections\Section_6</Filter>
    </ClCompile>
    <ClCompile Include="Sections\src\Sections\Section_7\section_7.cpp">
      <Filter>Sections\src\Sections\Section_7</Filter>
    </ClCompile>
    <ClCompile Include="Sections\src\Sections\Section_8\section_8.cpp">
      <Filter>Sections\src\Sections\Section_8</Filter>
    </ClCompile>
    <ClCompile Include="Sections\src\Sections\Section_9\section_9.cpp">
      <Filter>Sections\src\Sections\Section_9</Filter>
    </ClCompile>
    <ClCompile Include="Sections\src\Sections\Section_10\section_10.cpp">
      <Filter>Sections\src\Sections\Section_10</Filter>
    </ClCompile>
    <ClCompile Include="Sections\src\Sections\Section_11\section_11.cpp">
      <Filter>Sections\src\Sections\Section_11</Filter>
    </ClCompile>
    <ClCompile Include="Sections\src\Sections\Section_16\section_16.cpp">
      <Filter>Sections\src\Sections\Section_16</Filter>
    </ClCompile>
    <ClCompile Include="Sections\src\Sections\Section_16\Challenge\Acc_challenge_16\Acc_challenge_16.cpp">
      <Filter>Sections\src\Sections\Section_16\Challenge\Acc_challenge_16</Filter>
    </ClCompile>
    <ClCompile Include="Sections\src\Sections\Section_16\Challenge\Checking_challenge_16\Checking_challenge_16.cpp">
      <Filter>Sections\src\Sections\Section_16\Challenge\Checking_challenge_16</Filter>
    </ClCompile>
    <ClCompile Include="Sections\src\Sections\Section_16\Challenge\Savings_challenge_16\Savings_challenge_16.cpp">
      <Filter>Sections\src\Sections\Section_16\Challenge\Savings_challenge_16</Filter>
    </ClCompile>
    <ClCompile Include="Sections\src\Sections\Section_16\Challenge\Trust_challenge_16\Trust_challenge_16.cpp">
      <Filter>Sections\src\Sections\Section_16\Challenge\Trust_challenge_16</Filter>
    </ClCompile>
    <ClCompile Include="Sections\src\Sections\Section_17\section_17.cpp">
      <Filter>Sections\src\Sections\Section_17</Filter>
    </ClCompile>
    <ClCompile Include="Sections\src\Sections\Section_18\section_18.cpp">
      <Filter>Sections\src\Sections\Section_18</Filter>
    </ClCompile>
    <ClCompile Include="Sections\src\Sections\Section_19\section_19.cpp">
      <Filter>Sections\src\Sections\Section_19</Filter>
    </ClCompile>
  </ItemGroup>
  <ItemGroup>
    <ClInclude Include="Sections\sections.h">
      <Filter>Sections</Filter>
    </ClInclude>
    <ClInclude Include="Sections\include\Sections\Section_13\section_13.h">
      <Filter>Sections\include\Sections\Section_13</Filter>
    </ClInclude>
    <ClInclude Include="Sections\include\Sections\Section_12\section_12.h">
      <Filter>Sections\include\Sections\Section_12</Filter>
    </ClInclude>
    <ClInclude Include="Sections\src\Sections\Section_13\Account\Account.h">
      <Filter>Sections\include\Sections\Section_13\Account</Filter>
    </ClInclude>
    <ClInclude Include="Sections\src\Sections\Section_13\Player\Player.h">
      <Filter>Sections\include\Sections\Section_13\Player</Filter>
    </ClInclude>
    <ClInclude Include="Sections\src\Sections\Section_13\Shallow\Shallow.h">
      <Filter>Sections\include\Sections\Section_13\Shallow</Filter>
    </ClInclude>
    <ClInclude Include="Sections\src\Sections\Section_13\Deep\Deep.h">
      <Filter>Sections\include\Sections\Section_13\Deep</Filter>
    </ClInclude>
    <ClInclude Include="Sections\src\Sections\Section_13\Move\Move.h">
      <Filter>Sections\include\Sections\Section_13\Move</Filter>
    </ClInclude>
    <ClInclude Include="Sections\src\Sections\Section_13\Challenge\Movie\Movie.h">
      <Filter>Sections\include\Sections\Section_13\Challenge\Movie</Filter>
    </ClInclude>
    <ClInclude Include="Sections\src\Sections\Section_13\Challenge\Movies\Movies.h">
      <Filter>Sections\include\Sections\Section_13\Challenge\Movies</Filter>
    </ClInclude>
    <ClInclude Include="Sections\src\Sections\Section_13\Challenge\section_13_challenge.h">
      <Filter>Sections\include\Sections\Section_13\Challenge</Filter>
    </ClInclude>
    <ClInclude Include="Sections\include\Sections\Section_14\section_14.h">
      <Filter>Sections\include\Sections\Section_14</Filter>
    </ClInclude>
    <ClInclude Include="Sections\src\Sections\Section_14\MyString\MyString.h">
      <Filter>Sections\src\Sections\Section_14\MyString</Filter>
    </ClInclude>
    <ClInclude Include="Sections\include\Sections\Section_15\section_15.h">
      <Filter>Sections\include\Sections\Section_15</Filter>
    </ClInclude>
    <ClInclude Include="Sections\include\Sections\Section_15\Statement\Statement.h">
      <Filter>Sections\include\Sections\Section_15\Statement</Filter>
    </ClInclude>
    <ClInclude Include="Sections\include\Sections\Section_15\Savings_Statement\Savings_Statement.h">
      <Filter>Sections\include\Sections\Section_15\Savings_Statement</Filter>
    </ClInclude>
    <ClInclude Include="Sections\include\Sections\Section_15\Base\Base.h">
      <Filter>Sections\include\Sections\Section_15\Base</Filter>
    </ClInclude>
    <ClInclude Include="Sections\include\Sections\Section_15\Derived\Derived.h">
      <Filter>Sections\include\Sections\Section_15\Derived</Filter>
    </ClInclude>
    <ClInclude Include="Sections\include\Sections\Section_15\Challenge\Acc\Acc.h">
      <Filter>Sections\include\Sections\Section_15\Challenge\Acc</Filter>
    </ClInclude>
    <ClInclude Include="Sections\include\Sections\Section_15\Challenge\Checking_Acc\Checking_Acc.h">
      <Filter>Sections\include\Sections\Section_15\Challenge\Checking_Acc</Filter>
    </ClInclude>
    <ClInclude Include="Sections\include\Sections\Section_15\Challenge\Trust_Acc\Trust_Acc.h">
      <Filter>Sections\include\Sections\Section_15\Challenge\Trust_Acc</Filter>
    </ClInclude>
    <ClInclude Include="Sections\include\Sections\Section_15\Challenge\Savings_Acc\Savings_Acc.h">
      <Filter>Sections\include\Sections\Section_15\Challenge\Savings_Acc</Filter>
    </ClInclude>
    <ClInclude Include="Sections\include\Sections\Section_6\section_6.h">
      <Filter>Sections\include\Sections\Section_6</Filter>
    </ClInclude>
    <ClInclude Include="Sections\include\Sections\Section_7\section_7.h">
      <Filter>Sections\include\Sections\Section_7</Filter>
    </ClInclude>
    <ClInclude Include="Sections\include\Sections\Section_8\section_8.h">
      <Filter>Sections\include\Sections\Section_8</Filter>
    </ClInclude>
    <ClInclude Include="Sections\include\Sections\Section_9\section_9.h">
      <Filter>Sections\include\Sections\Section_9</Filter>
    </ClInclude>
    <ClInclude Include="Sections\include\Sections\Section_10\section_10.h">
      <Filter>Sections\include\Sections\Section_10</Filter>
    </ClInclude>
    <ClInclude Include="Sections\include\Sections\Section_11\section_11.h">
      <Filter>Sections\include\Sections\Section_11</Filter>
    </ClInclude>
    <ClInclude Include="Sections\include\Sections\Section_16\section_16.h">
      <Filter>Sections\include\Sections\Section_16</Filter>
    </ClInclude>
    <ClInclude Include="Sections\include\Sections\Section_16\Challenge\section_16_challenge.h">
      <Filter>Sections\include\Sections\Section_16\Challenge</Filter>
    </ClInclude>
    <ClInclude Include="Sections\include\Sections\Section_16\Challenge\Acc_challenge_16\Acc_challenge_16.h">
      <Filter>Sections\include\Sections\Section_16\Challenge\Acc_challenge_16</Filter>
    </ClInclude>
    <ClInclude Include="Sections\include\Sections\Section_16\Challenge\Checking_challenge_16\Checking_challenge_16.h">
      <Filter>Sections\include\Sections\Section_16\Challenge\Checking_challenge_16</Filter>
    </ClInclude>
    <ClInclude Include="Sections\include\Sections\Section_16\Challenge\Trust_challenge_16\Trust_challenge_16.h">
      <Filter>Sections\include\Sections\Section_16\Challenge\Trust__challenge_16</Filter>
    </ClInclude>
    <ClInclude Include="Sections\include\Sections\Section_16\Challenge\Savings_challenge_16\Savings_challenge_16.h">
      <Filter>Sections\include\Sections\Section_16\Challenge\Savings__challenge_16</Filter>
    </ClInclude>
    <ClInclude Include="Sections\include\Sections\Section_16\Challenge\Printable_challenge_16\Printable_challenge_16.h">
      <Filter>Sections\include\Sections\Section_16\Challenge\Printable_challenge_16</Filter>
    </ClInclude>
    <ClInclude Include="Sections\include\Sections\Section_17\section_17.h">
      <Filter>Sections\include\Sections\Section_17</Filter>
    </ClInclude>
    <ClInclude Include="Sections\include\Sections\Section_18\section_18.h">
      <Filter>Sections\include\Sections\Section_18</Filter>
    </ClInclude>
    <ClInclude Include="Sections\include\Sections\Section_19\section_19.h">
      <Filter>Sections\include\Sections\Section_19</Filter>
    </ClInclude>
  </ItemGroup>
  <ItemGroup>
    <None Include="..\.gitignore" />
  </ItemGroup>
  <ItemGroup>
    <Text Include="test2txt.txt" />
    <Text Include="Sections\src\Sections\Section_19\TextFiles\test.txt">
      <Filter>Sections\src\Sections\Section_19\TextFiles</Filter>
    </Text>
    <Text Include="Sections\src\Sections\Section_19\TextFiles\test1.txt">
      <Filter>Sections\src\Sections\Section_19\TextFiles</Filter>
    </Text>
    <Text Include="Sections\src\Sections\Section_19\TextFiles\test2.txt">
      <Filter>Sections\src\Sections\Section_19\TextFiles</Filter>
    </Text>
    <Text Include="Sections\src\Sections\Section_19\TextFiles\dust.txt">
      <Filter>Sections\src\Sections\Section_19\TextFiles</Filter>
    </Text>
    <Text Include="Sections\src\Sections\Section_19\TextFiles\dust_copy.txt">
      <Filter>Sections\src\Sections\Section_19\TextFiles</Filter>
    </Text>
    <Text Include="Sections\src\Sections\Section_19\TextFiles\responces.txt">
      <Filter>Sections\src\Sections\Section_19\TextFiles</Filter>
    </Text>
    <Text Include="Sections\src\Sections\Section_19\TextFiles\romeoandjuliet.txt">
      <Filter>Sections\src\Sections\Section_19\TextFiles</Filter>
    </Text>
    <Text Include="Sections\src\Sections\Section_19\TextFiles\file_to_copy.txt">
      <Filter>Sections\src\Sections\Section_19\TextFiles</Filter>
    </Text>
    <Text Include="Sections\src\Sections\Section_19\TextFiles\romeoandjuliet_out.txt">
      <Filter>Sections\src\Sections\Section_19\TextFiles</Filter>
    </Text>
  </ItemGroup>
</Project>